
Microsoft Visual Studio Solution File, Format Version 12.00
# Visual Studio 14
VisualStudioVersion = 14.0.25420.1
MinimumVisualStudioVersion = 10.0.40219.1
Project("{FAE04EC0-301F-11D3-BF4B-00C04F79EFBC}") = "SOLID", "SOLID\SOLID.csproj", "{6CEBD252-83F4-457C-9876-7517C1ED8648}"
EndProject
Project("{FAE04EC0-301F-11D3-BF4B-00C04F79EFBC}") = "SOLIDUTests", "SOLIDUTests\SOLIDUTests.csproj", "{999FC501-DA1F-4B7D-B860-7173026F34DF}"
EndProject
Global
	GlobalSection(SolutionConfigurationPlatforms) = preSolution
		Debug|Any CPU = Debug|Any CPU
		Release|Any CPU = Release|Any CPU
	EndGlobalSection
	GlobalSection(ProjectConfigurationPlatforms) = postSolution
		{6CEBD252-83F4-457C-9876-7517C1ED8648}.Debug|Any CPU.ActiveCfg = Debug|Any CPU
		{6CEBD252-83F4-457C-9876-7517C1ED8648}.Debug|Any CPU.Build.0 = Debug|Any CPU
		{6CEBD252-83F4-457C-9876-7517C1ED8648}.Release|Any CPU.ActiveCfg = Release|Any CPU
		{6CEBD252-83F4-457C-9876-7517C1ED8648}.Release|Any CPU.Build.0 = Release|Any CPU
		{999FC501-DA1F-4B7D-B860-7173026F34DF}.Debug|Any CPU.ActiveCfg = Debug|Any CPU
		{999FC501-DA1F-4B7D-B860-7173026F34DF}.Debug|Any CPU.Build.0 = Debug|Any CPU
		{999FC501-DA1F-4B7D-B860-7173026F34DF}.Release|Any CPU.ActiveCfg = Release|Any CPU
		{999FC501-DA1F-4B7D-B860-7173026F34DF}.Release|Any CPU.Build.0 = Release|Any CPU
	EndGlobalSection
	GlobalSection(SolutionProperties) = preSolution
		HideSolutionNode = FALSE
	EndGlobalSection
EndGlobal
